# Generated by pub
# See https://dart.dev/tools/pub/glossary#lockfile
packages:
  _fe_analyzer_shared:
    dependency: transitive
    description:
      name: _fe_analyzer_shared
      sha256: da0d9209ca76bde579f2da330aeb9df62b6319c834fa7baae052021b0462401f
      url: "https://pub.dev"
    source: hosted
    version: "85.0.0"
  analyzer:
    dependency: transitive
    description:
      name: analyzer
      sha256: "974859dc0ff5f37bc4313244b3218c791810d03ab3470a579580279ba971a48d"
      url: "https://pub.dev"
    source: hosted
    version: "7.7.1"
  args:
    dependency: transitive
    description:
      name: args
      sha256: "37a4264b0b7fb930e94c0c47558f3b6c4f4e9cb7e655a3ea373131d79b2dc0cc"
      url: "https://pub.dev"
    source: hosted
    version: "2.0.0"
  async:
    dependency: "direct main"
    description:
      name: async
      sha256: "758e6d74e971c3e5aceb4110bfd6698efc7f501675bcfe0c775459a8140750eb"
      url: "https://pub.dev"
    source: hosted
    version: "2.13.0"
  boolean_selector:
    dependency: transitive
    description:
      name: boolean_selector
      sha256: "8aab1771e1243a5063b8b0ff68042d67334e3feab9e95b9490f9a6ebf73b42ea"
      url: "https://pub.dev"
    source: hosted
    version: "2.1.2"
  build:
    dependency: transitive
    description:
      name: build
      sha256: cef23f1eda9b57566c81e2133d196f8e3df48f244b317368d65c5943d91148f0
      url: "https://pub.dev"
    source: hosted
    version: "2.4.2"
  build_config:
    dependency: transitive
    description:
      name: build_config
      sha256: bf80fcfb46a29945b423bd9aad884590fb1dc69b330a4d4700cac476af1708d1
      url: "https://pub.dev"
    source: hosted
    version: "1.1.1"
  build_daemon:
    dependency: transitive
    description:
      name: build_daemon
      sha256: "5f02d73eb2ba16483e693f80bee4f088563a820e47d1027d4cdfe62b5bb43e65"
      url: "https://pub.dev"
    source: hosted
    version: "4.0.0"
  build_resolvers:
    dependency: transitive
    description:
      name: build_resolvers
      sha256: b9e4fda21d846e192628e7a4f6deda6888c36b5b69ba02ff291a01fd529140f0
      url: "https://pub.dev"
    source: hosted
    version: "2.4.4"
  build_runner:
    dependency: "direct dev"
    description:
      name: build_runner
      sha256: "058fe9dce1de7d69c4b84fada934df3e0153dd000758c4d65964d0166779aa99"
      url: "https://pub.dev"
    source: hosted
    version: "2.4.15"
  build_runner_core:
    dependency: transitive
    description:
      name: build_runner_core
      sha256: "22e3aa1c80e0ada3722fe5b63fd43d9c8990759d0a2cf489c8c5d7b2bdebc021"
      url: "https://pub.dev"
    source: hosted
    version: "8.0.0"
  built_collection:
    dependency: transitive
    description:
      name: built_collection
      sha256: f5a2a975d3da1ca46579d2f173bea1c766f0044cff40889c8df8009bf6ea0d0c
      url: "https://pub.dev"
    source: hosted
    version: "5.0.0"
  built_value:
    dependency: transitive
    description:
      name: built_value
      sha256: "59e08b0079bb75f7e27392498e26339387c1089c6bd58525a14eb8508637277b"
      url: "https://pub.dev"
    source: hosted
    version: "8.4.2"
  characters:
    dependency: transitive
    description:
      name: characters
      sha256: f71061c654a3380576a52b451dd5532377954cf9dbd272a78fc8479606670803
      url: "https://pub.dev"
    source: hosted
    version: "1.4.0"
  charcode:
    dependency: transitive
    description:
      name: charcode
      sha256: "8e36feea6de5ea69f2199f29cf42a450a855738c498b57c0b980e2d3cca9c362"
      url: "https://pub.dev"
    source: hosted
    version: "1.2.0"
  checked_yaml:
    dependency: transitive
    description:
      name: checked_yaml
      sha256: dd007e4fb8270916820a0d66e24f619266b60773cddd082c6439341645af2659
      url: "https://pub.dev"
    source: hosted
    version: "2.0.1"
  clock:
    dependency: transitive
    description:
      name: clock
      sha256: fddb70d9b5277016c77a80201021d40a2247104d9f4aa7bab7157b7e3f05b84b
      url: "https://pub.dev"
    source: hosted
    version: "1.1.2"
  code_builder:
    dependency: transitive
    description:
      name: code_builder
      sha256: "02ce3596b459c666530f045ad6f96209474e8fee6e4855940a3cee65fb872ec5"
      url: "https://pub.dev"
    source: hosted
    version: "4.3.0"
  collection:
    dependency: transitive
    description:
      name: collection
      sha256: "2f5709ae4d3d59dd8f7cd309b4e023046b57d8a6c82130785d2b0e5868084e76"
      url: "https://pub.dev"
    source: hosted
    version: "1.19.1"
  convert:
    dependency: transitive
    description:
      name: convert
      sha256: b30acd5944035672bc15c6b7a8b47d773e41e2f17de064350988c5d02adb1c68
      url: "https://pub.dev"
    source: hosted
    version: "3.1.2"
  crypto:
    dependency: transitive
    description:
      name: crypto
      sha256: cf75650c66c0316274e21d7c43d3dea246273af5955bd94e8184837cd577575c
      url: "https://pub.dev"
    source: hosted
    version: "3.0.1"
  dart_style:
    dependency: transitive
    description:
      name: dart_style
      sha256: "8a0e5fba27e8ee025d2ffb4ee820b4e6e2cf5e4246a6b1a477eb66866947e0bb"
      url: "https://pub.dev"
    source: hosted
    version: "3.1.1"
  fake_async:
    dependency: transitive
    description:
      name: fake_async
      sha256: "5368f224a74523e8d2e7399ea1638b37aecfca824a3cc4dfdf77bf1fa905ac44"
      url: "https://pub.dev"
    source: hosted
    version: "1.3.3"
  file:
    dependency: transitive
    description:
      name: file
      sha256: "9fd2163d866769f60f4df8ac1dc59f52498d810c356fe78022e383dd3c57c0e1"
      url: "https://pub.dev"
    source: hosted
    version: "6.1.0"
  fixnum:
    dependency: transitive
    description:
      name: fixnum
      sha256: "6a2ef17156f4dc49684f9d99aaf4a93aba8ac49f5eac861755f5730ddf6e2e4e"
      url: "https://pub.dev"
    source: hosted
    version: "1.0.0"
  flutter:
    dependency: "direct main"
    description: flutter
    source: sdk
    version: "0.0.0"
  flutter_test:
    dependency: "direct dev"
    description: flutter
    source: sdk
    version: "0.0.0"
  freezed:
    dependency: "direct dev"
    description:
      name: freezed
      sha256: "6022db4c7bfa626841b2a10f34dd1e1b68e8f8f9650db6112dcdeeca45ca793c"
      url: "https://pub.dev"
    source: hosted
    version: "3.0.6"
  freezed_annotation:
    dependency: "direct main"
    description:
      name: freezed_annotation
      sha256: c87ff004c8aa6af2d531668b46a4ea379f7191dc6dfa066acd53d506da6e044b
      url: "https://pub.dev"
    source: hosted
    version: "3.0.0"
  frontend_server_client:
    dependency: transitive
    description:
      name: frontend_server_client
      sha256: "82715f8041a85a534a7bf64400b2ee0bb3d594ccf695d97c0bb017259657ff5d"
      url: "https://pub.dev"
    source: hosted
    version: "3.1.0"
  glob:
    dependency: transitive
    description:
      name: glob
      sha256: dda85ce2aefce16f7e75586acbcb1e8320bf176f69fd94082e31945d6de67f3e
      url: "https://pub.dev"
    source: hosted
    version: "2.0.1"
  graphs:
    dependency: transitive
    description:
      name: graphs
      sha256: f9e130f3259f52d26f0cfc0e964513796dafed572fa52e45d2f8d6ca14db39b2
      url: "https://pub.dev"
    source: hosted
    version: "2.2.0"
  http:
    dependency: transitive
    description:
      name: http
      sha256: "2c11f3f94c687ee9bad77c171151672986360b2b001d109814ee7140b2cf261b"
      url: "https://pub.dev"
    source: hosted
    version: "1.4.0"
  http_multi_server:
    dependency: transitive
    description:
      name: http_multi_server
      sha256: ac10cae1b9a06fb638a92a72b00570bac856f524f7ee0d9a13eaed4960c7fd43
      url: "https://pub.dev"
    source: hosted
    version: "3.0.0"
  http_parser:
    dependency: transitive
    description:
      name: http_parser
      sha256: e362d639ba3bc07d5a71faebb98cde68c05bfbcfbbb444b60b6f60bb67719185
      url: "https://pub.dev"
    source: hosted
    version: "4.0.0"
  io:
    dependency: transitive
    description:
      name: io
      sha256: "15a5436d2a02dc60e6dc2fb5d7dfaac08b7b137cff3d4bf3158d38ecab656b69"
      url: "https://pub.dev"
    source: hosted
    version: "1.0.0"
  js:
    dependency: transitive
    description:
      name: js
      sha256: d9bdfd70d828eeb352390f81b18d6a354ef2044aa28ef25682079797fa7cd174
      url: "https://pub.dev"
    source: hosted
    version: "0.6.3"
  json_annotation:
    dependency: transitive
    description:
      name: json_annotation
      sha256: "1ce844379ca14835a50d2f019a3099f419082cfdd231cd86a142af94dd5c6bb1"
      url: "https://pub.dev"
    source: hosted
    version: "4.9.0"
  leak_tracker:
    dependency: transitive
    description:
      name: leak_tracker
      sha256: "33e2e26bdd85a0112ec15400c8cbffea70d0f9c3407491f672a2fad47915e2de"
      url: "https://pub.dev"
    source: hosted
    version: "11.0.2"
  leak_tracker_flutter_testing:
    dependency: transitive
    description:
      name: leak_tracker_flutter_testing
      sha256: "1dbc140bb5a23c75ea9c4811222756104fbcd1a27173f0c34ca01e16bea473c1"
      url: "https://pub.dev"
    source: hosted
    version: "3.0.10"
  leak_tracker_testing:
    dependency: transitive
    description:
      name: leak_tracker_testing
      sha256: "8d5a2d49f4a66b49744b23b018848400d23e54caf9463f4eb20df3eb8acb2eb1"
      url: "https://pub.dev"
    source: hosted
    version: "3.0.2"
  logging:
    dependency: transitive
    description:
      name: logging
      sha256: c8245ada5f1717ed44271ed1c26b8ce85ca3228fd2ffdb75468ab01979309d61
      url: "https://pub.dev"
    source: hosted
    version: "1.3.0"
  matcher:
    dependency: transitive
    description:
      name: matcher
      sha256: dc58c723c3c24bf8d3e2d3ad3f2f9d7bd9cf43ec6feaa64181775e60190153f2
      url: "https://pub.dev"
    source: hosted
    version: "0.12.17"
  material_color_utilities:
    dependency: transitive
    description:
      name: material_color_utilities
      sha256: f7142bb1154231d7ea5f96bc7bde4bda2a0945d2806bb11670e30b850d56bdec
      url: "https://pub.dev"
    source: hosted
    version: "0.11.1"
  meta:
    dependency: transitive
    description:
      name: meta
      sha256: "23f08335362185a5ea2ad3a4e597f1375e78bce8a040df5c600c8d3552ef2394"
      url: "https://pub.dev"
    source: hosted
    version: "1.17.0"
  mime:
    dependency: transitive
    description:
      name: mime
      sha256: a7a98ea7f366e2cc9d2b20873815aebec5e2bc124fe0da9d3f7f59b0625ea180
      url: "https://pub.dev"
    source: hosted
    version: "1.0.0"
  package_config:
    dependency: transitive
    description:
      name: package_config
      sha256: f096c55ebb7deb7e384101542bfba8c52696c1b56fca2eb62827989ef2353bbc
      url: "https://pub.dev"
    source: hosted
    version: "2.2.0"
  path:
    dependency: transitive
    description:
      name: path
      sha256: "75cca69d1490965be98c73ceaea117e8a04dd21217b37b292c9ddbec0d955bc5"
      url: "https://pub.dev"
    source: hosted
    version: "1.9.1"
  pedantic:
    dependency: transitive
    description:
      name: pedantic
      sha256: "8f6460c77a98ad2807cd3b98c67096db4286f56166852d0ce5951bb600a63594"
      url: "https://pub.dev"
    source: hosted
    version: "1.11.0"
  pool:
    dependency: transitive
    description:
      name: pool
      sha256: "05955e3de2683e1746222efd14b775df7131139e07695dc8e24650f6b4204504"
      url: "https://pub.dev"
    source: hosted
    version: "1.5.0"
  pub_semver:
    dependency: transitive
    description:
      name: pub_semver
      sha256: "5bfcf68ca79ef689f8990d1160781b4bad40a3bd5e5218ad4076ddb7f4081585"
      url: "https://pub.dev"
    source: hosted
    version: "2.2.0"
  pubspec_parse:
    dependency: transitive
    description:
      name: pubspec_parse
      sha256: "358c5ce09744e0e08b3f5f38c53d7d26a8219dd641718f8500f49cfa56240358"
      url: "https://pub.dev"
    source: hosted
    version: "1.0.0"
  shelf:
    dependency: transitive
    description:
      name: shelf
      sha256: c2f658d28ec86857657dec3579e2db4dc5a6c477b6aecde870e77f0682258901
      url: "https://pub.dev"
    source: hosted
    version: "1.1.0"
  shelf_web_socket:
    dependency: transitive
    description:
      name: shelf_web_socket
      sha256: fd84910bf7d58db109082edf7326b75322b8f186162028482f53dc892f00332d
      url: "https://pub.dev"
    source: hosted
    version: "1.0.1"
  sky_engine:
    dependency: transitive
    description: flutter
    source: sdk
    version: "0.0.0"
  source_gen:
    dependency: transitive
    description:
      name: source_gen
      sha256: "35c8150ece9e8c8d263337a265153c3329667640850b9304861faea59fc98f6b"
      url: "https://pub.dev"
    source: hosted
    version: "2.0.0"
  source_span:
    dependency: transitive
    description:
      name: source_span
      sha256: "254ee5351d6cb365c859e20ee823c3bb479bf4a293c22d17a9f1bf144ce86f7c"
      url: "https://pub.dev"
    source: hosted
    version: "1.10.1"
  stack_trace:
    dependency: transitive
    description:
      name: stack_trace
      sha256: "8b27215b45d22309b5cddda1aa2b19bdfec9df0e765f2de506401c071d38d1b1"
      url: "https://pub.dev"
    source: hosted
    version: "1.12.1"
  stream_channel:
    dependency: transitive
    description:
      name: stream_channel
      sha256: "969e04c80b8bcdf826f8f16579c7b14d780458bd97f56d107d3950fdbeef059d"
      url: "https://pub.dev"
    source: hosted
    version: "2.1.4"
  stream_transform:
    dependency: transitive
    description:
      name: stream_transform
      sha256: ed464977cb26a1f41537e177e190c67223dbd9f4f683489b6ab2e5d211ec564e
      url: "https://pub.dev"
    source: hosted
    version: "2.0.0"
  string_scanner:
    dependency: transitive
    description:
      name: string_scanner
      sha256: "921cd31725b72fe181906c6a94d987c78e3b98c2e205b397ea399d4054872b43"
      url: "https://pub.dev"
    source: hosted
    version: "1.4.1"
  term_glyph:
    dependency: transitive
    description:
      name: term_glyph
      sha256: "7f554798625ea768a7518313e58f83891c7f5024f88e46e7182a4558850a4b8e"
      url: "https://pub.dev"
    source: hosted
    version: "1.2.2"
  test_api:
    dependency: transitive
    description:
      name: test_api
      sha256: ab2726c1a94d3176a45960b6234466ec367179b87dd74f1611adb1f3b5fb9d55
      url: "https://pub.dev"
    source: hosted
    version: "0.7.7"
  timing:
    dependency: transitive
    description:
      name: timing
      sha256: c386d07d7f5efc613479a7c4d9d64b03710b03cfaa7e8ad5f2bfb295a1f0dfad
      url: "https://pub.dev"
    source: hosted
    version: "1.0.0"
  tuple:
    dependency: "direct main"
    description:
      name: tuple
      sha256: a97ce2013f240b2f3807bcbaf218765b6f301c3eff91092bcfa23a039e7dd151
      url: "https://pub.dev"
    source: hosted
    version: "2.0.2"
  typed_data:
    dependency: transitive
    description:
      name: typed_data
      sha256: "53bdf7e979cfbf3e28987552fd72f637e63f3c8724c9e56d9246942dc2fa36ee"
      url: "https://pub.dev"
    source: hosted
    version: "1.3.0"
  vector_math:
    dependency: transitive
    description:
      name: vector_math
      sha256: d530bd74fea330e6e364cda7a85019c434070188383e1cd8d9777ee586914c5b
      url: "https://pub.dev"
    source: hosted
    version: "2.2.0"
  vm_service:
    dependency: transitive
    description:
      name: vm_service
      sha256: ddfa8d30d89985b96407efce8acbdd124701f96741f2d981ca860662f1c0dc02
      url: "https://pub.dev"
    source: hosted
    version: "15.0.0"
  watcher:
    dependency: transitive
    description:
      name: watcher
      sha256: "69da27e49efa56a15f8afe8f4438c4ec02eff0a117df1b22ea4aad194fe1c104"
      url: "https://pub.dev"
    source: hosted
    version: "1.1.1"
  web:
    dependency: transitive
    description:
      name: web
      sha256: "868d88a33d8a87b18ffc05f9f030ba328ffefba92d6c127917a2ba740f9cfe4a"
      url: "https://pub.dev"
    source: hosted
    version: "1.1.1"
  web_socket_channel:
    dependency: transitive
    description:
      name: web_socket_channel
      sha256: d88238e5eac9a42bb43ca4e721edba3c08c6354d4a53063afaa568516217621b
      url: "https://pub.dev"
    source: hosted
    version: "2.4.0"
  yaml:
    dependency: transitive
    description:
      name: yaml
      sha256: b9da305ac7c39faa3f030eccd175340f968459dae4af175130b3fc47e40d76ce
      url: "https://pub.dev"
    source: hosted
    version: "3.1.3"
sdks:
  dart: ">=3.8.0-0 <4.0.0"
  flutter: ">=3.18.0-18.0.pre.54"
